
Microsoft Visual Studio Solution File, Format Version 12.00
# Visual Studio Version 17
VisualStudioVersion = 17.8.34322.80
MinimumVisualStudioVersion = 10.0.40219.1
Project("{9A19103F-16F7-4668-BE54-9A1E7A4F7556}") = "CarRentalAppMVC", "CarRentalAppMVC\CarRentalAppMVC.csproj", "{CFDF2994-293B-4CB5-8067-2CDD4F2422AF}"
EndProject
Project("{FAE04EC0-301F-11D3-BF4B-00C04F79EFBC}") = "CarRentalApp.Apllication", "CarRentalApp.Apllication\CarRentalApp.Apllication.csproj", "{DF89E0DC-661E-40AA-B6C5-DD1C14F6DA9C}"
EndProject
Project("{FAE04EC0-301F-11D3-BF4B-00C04F79EFBC}") = "CarRentalApp.Infrastructure", "CarRentalApp.Infrastructure\CarRentalApp.Infrastructure.csproj", "{6A747279-DB1C-499C-BD71-0CCEEBFF2C40}"
EndProject
Project("{FAE04EC0-301F-11D3-BF4B-00C04F79EFBC}") = "CarRentalApp.DOmain", "CarRentalApp.DOmain\CarRentalApp.DOmain.csproj", "{6C9F3742-F5E1-4C4B-BCAB-36D99243191E}"
EndProject
Global
	GlobalSection(SolutionConfigurationPlatforms) = preSolution
		Debug|Any CPU = Debug|Any CPU
		Release|Any CPU = Release|Any CPU
	EndGlobalSection
	GlobalSection(ProjectConfigurationPlatforms) = postSolution
		{CFDF2994-293B-4CB5-8067-2CDD4F2422AF}.Debug|Any CPU.ActiveCfg = Debug|Any CPU
		{CFDF2994-293B-4CB5-8067-2CDD4F2422AF}.Debug|Any CPU.Build.0 = Debug|Any CPU
		{CFDF2994-293B-4CB5-8067-2CDD4F2422AF}.Release|Any CPU.ActiveCfg = Release|Any CPU
		{CFDF2994-293B-4CB5-8067-2CDD4F2422AF}.Release|Any CPU.Build.0 = Release|Any CPU
		{DF89E0DC-661E-40AA-B6C5-DD1C14F6DA9C}.Debug|Any CPU.ActiveCfg = Debug|Any CPU
		{DF89E0DC-661E-40AA-B6C5-DD1C14F6DA9C}.Debug|Any CPU.Build.0 = Debug|Any CPU
		{DF89E0DC-661E-40AA-B6C5-DD1C14F6DA9C}.Release|Any CPU.ActiveCfg = Release|Any CPU
		{DF89E0DC-661E-40AA-B6C5-DD1C14F6DA9C}.Release|Any CPU.Build.0 = Release|Any CPU
		{6A747279-DB1C-499C-BD71-0CCEEBFF2C40}.Debug|Any CPU.ActiveCfg = Debug|Any CPU
		{6A747279-DB1C-499C-BD71-0CCEEBFF2C40}.Debug|Any CPU.Build.0 = Debug|Any CPU
		{6A747279-DB1C-499C-BD71-0CCEEBFF2C40}.Release|Any CPU.ActiveCfg = Release|Any CPU
		{6A747279-DB1C-499C-BD71-0CCEEBFF2C40}.Release|Any CPU.Build.0 = Release|Any CPU
		{6C9F3742-F5E1-4C4B-BCAB-36D99243191E}.Debug|Any CPU.ActiveCfg = Debug|Any CPU
		{6C9F3742-F5E1-4C4B-BCAB-36D99243191E}.Debug|Any CPU.Build.0 = Debug|Any CPU
		{6C9F3742-F5E1-4C4B-BCAB-36D99243191E}.Release|Any CPU.ActiveCfg = Release|Any CPU
		{6C9F3742-F5E1-4C4B-BCAB-36D99243191E}.Release|Any CPU.Build.0 = Release|Any CPU
	EndGlobalSection
	GlobalSection(SolutionProperties) = preSolution
		HideSolutionNode = FALSE
	EndGlobalSection
	GlobalSection(ExtensibilityGlobals) = postSolution
		SolutionGuid = {B2E8B45E-A7B1-40BC-8620-9FDEE9E79E53}
	EndGlobalSection
EndGlobal
